dependencies:
- name: easybank-common
  repository: file://../../easybank-common
  version: 0.1.0
- name: configserver
  repository: file://../../easybank_services/configserver
  version: 0.1.0
- name: gatewayserver
  repository: file://../../easybank_services/gatewayserver
  version: 0.1.0
- name: accounts
  repository: file://../../easybank_services/accounts
  version: 0.1.0
- name: cards
  repository: file://../../easybank_services/cards
  version: 0.1.0
- name: loans
  repository: file://../../easybank_services/loans
  version: 0.1.0
digest: sha256:79c1062cc7105dc7c580215bead75afdea3a44dfd8b42e6329fbcf217d438330
generated: "2025-06-15T09:13:07.450603013+07:00"
