dependencies:
- name: easybank-common
  repository: file://../easybank-common
  version: 0.1.0
- name: configserver
  repository: file://../easybank_services/configserver
  version: 0.1.0
- name: eurekaserver
  repository: file://../easybank_services/eurekaserver
  version: 0.1.0
- name: gatewayserver
  repository: file://../easybank_services/gatewayserver
  version: 0.1.0
- name: accounts
  repository: file://../easybank_services/accounts
  version: 0.1.0
- name: cards
  repository: file://../easybank_services/cards
  version: 0.1.0
- name: loans
  repository: file://../easybank_services/loans
  version: 0.1.0
digest: sha256:af26f8008757ea51fa39aba91f10ba60a6f3dfc484acc81d889fc4a66e6c2d57
generated: "2025-06-14T20:12:09.507231234+07:00"
